
Microsoft Visual Studio Solution File, Format Version 12.00
# Visual Studio 15
VisualStudioVersion = 15.0.27428.2015
MinimumVisualStudioVersion = 10.0.40219.1
Project("{FAE04EC0-301F-11D3-BF4B-00C04F79EFBC}") = "ImuiSample", "ImuiSample\ImuiSample.csproj", "{044A076B-454F-49B1-9E4D-22D147780428}"
EndProject
Project("{FAE04EC0-301F-11D3-BF4B-00C04F79EFBC}") = "chatinputBind", "chatinputBind\chatinputBind.csproj", "{9028177D-20ED-4A80-A668-A36B44245BEE}"
EndProject
Project("{FAE04EC0-301F-11D3-BF4B-00C04F79EFBC}") = "messagelistBind", "messagelistBind\messagelistBind.csproj", "{945190BB-A4D5-4D6D-98BA-EE2DA6E4E805}"
EndProject
Global
	GlobalSection(SolutionConfigurationPlatforms) = preSolution
		Debug|Any CPU = Debug|Any CPU
		Release|Any CPU = Release|Any CPU
	EndGlobalSection
	GlobalSection(ProjectConfigurationPlatforms) = postSolution
		{044A076B-454F-49B1-9E4D-22D147780428}.Debug|Any CPU.ActiveCfg = Debug|Any CPU
		{044A076B-454F-49B1-9E4D-22D147780428}.Debug|Any CPU.Build.0 = Debug|Any CPU
		{044A076B-454F-49B1-9E4D-22D147780428}.Debug|Any CPU.Deploy.0 = Debug|Any CPU
		{044A076B-454F-49B1-9E4D-22D147780428}.Release|Any CPU.ActiveCfg = Release|Any CPU
		{044A076B-454F-49B1-9E4D-22D147780428}.Release|Any CPU.Build.0 = Release|Any CPU
		{044A076B-454F-49B1-9E4D-22D147780428}.Release|Any CPU.Deploy.0 = Release|Any CPU
		{9028177D-20ED-4A80-A668-A36B44245BEE}.Debug|Any CPU.ActiveCfg = Debug|Any CPU
		{9028177D-20ED-4A80-A668-A36B44245BEE}.Debug|Any CPU.Build.0 = Debug|Any CPU
		{9028177D-20ED-4A80-A668-A36B44245BEE}.Release|Any CPU.ActiveCfg = Release|Any CPU
		{9028177D-20ED-4A80-A668-A36B44245BEE}.Release|Any CPU.Build.0 = Release|Any CPU
		{945190BB-A4D5-4D6D-98BA-EE2DA6E4E805}.Debug|Any CPU.ActiveCfg = Debug|Any CPU
		{945190BB-A4D5-4D6D-98BA-EE2DA6E4E805}.Debug|Any CPU.Build.0 = Debug|Any CPU
		{945190BB-A4D5-4D6D-98BA-EE2DA6E4E805}.Release|Any CPU.ActiveCfg = Release|Any CPU
		{945190BB-A4D5-4D6D-98BA-EE2DA6E4E805}.Release|Any CPU.Build.0 = Release|Any CPU
	EndGlobalSection
	GlobalSection(SolutionProperties) = preSolution
		HideSolutionNode = FALSE
	EndGlobalSection
	GlobalSection(ExtensibilityGlobals) = postSolution
		SolutionGuid = {0FE0F1A8-8F44-44C2-80DA-6DB833C84DE6}
	EndGlobalSection
EndGlobal
