
Microsoft Visual Studio Solution File, Format Version 12.00
# Visual Studio Version 16
VisualStudioVersion = 16.0.29728.190
MinimumVisualStudioVersion = 10.0.40219.1
Project("{FAE04EC0-301F-11D3-BF4B-00C04F79EFBC}") = "chatinput", "chatinput\chatinput.csproj", "{9119DBA9-62F4-45CE-A9F0-4BD1E37D14C7}"
EndProject
Project("{FAE04EC0-301F-11D3-BF4B-00C04F79EFBC}") = "messagelist", "messagelist\messagelist.csproj", "{D2F9E74A-7E19-470C-8D4F-7BAB36CBEBD3}"
EndProject
Project("{FAE04EC0-301F-11D3-BF4B-00C04F79EFBC}") = "imuisample", "Demo\imuisample.csproj", "{6AA41516-2984-46E5-ADA0-D232797D4302}"
EndProject
Global
	GlobalSection(SolutionConfigurationPlatforms) = preSolution
		Debug|Any CPU = Debug|Any CPU
		Release|Any CPU = Release|Any CPU
	EndGlobalSection
	GlobalSection(ProjectConfigurationPlatforms) = postSolution
		{9119DBA9-62F4-45CE-A9F0-4BD1E37D14C7}.Debug|Any CPU.ActiveCfg = Debug|Any CPU
		{9119DBA9-62F4-45CE-A9F0-4BD1E37D14C7}.Debug|Any CPU.Build.0 = Debug|Any CPU
		{9119DBA9-62F4-45CE-A9F0-4BD1E37D14C7}.Release|Any CPU.ActiveCfg = Release|Any CPU
		{9119DBA9-62F4-45CE-A9F0-4BD1E37D14C7}.Release|Any CPU.Build.0 = Release|Any CPU
		{D2F9E74A-7E19-470C-8D4F-7BAB36CBEBD3}.Debug|Any CPU.ActiveCfg = Debug|Any CPU
		{D2F9E74A-7E19-470C-8D4F-7BAB36CBEBD3}.Debug|Any CPU.Build.0 = Debug|Any CPU
		{D2F9E74A-7E19-470C-8D4F-7BAB36CBEBD3}.Release|Any CPU.ActiveCfg = Release|Any CPU
		{D2F9E74A-7E19-470C-8D4F-7BAB36CBEBD3}.Release|Any CPU.Build.0 = Release|Any CPU
		{6AA41516-2984-46E5-ADA0-D232797D4302}.Debug|Any CPU.ActiveCfg = Debug|Any CPU
		{6AA41516-2984-46E5-ADA0-D232797D4302}.Debug|Any CPU.Build.0 = Debug|Any CPU
		{6AA41516-2984-46E5-ADA0-D232797D4302}.Debug|Any CPU.Deploy.0 = Debug|Any CPU
		{6AA41516-2984-46E5-ADA0-D232797D4302}.Release|Any CPU.ActiveCfg = Release|Any CPU
		{6AA41516-2984-46E5-ADA0-D232797D4302}.Release|Any CPU.Build.0 = Release|Any CPU
		{6AA41516-2984-46E5-ADA0-D232797D4302}.Release|Any CPU.Deploy.0 = Release|Any CPU
	EndGlobalSection
	GlobalSection(SolutionProperties) = preSolution
		HideSolutionNode = FALSE
	EndGlobalSection
	GlobalSection(ExtensibilityGlobals) = postSolution
		SolutionGuid = {73686BBE-09C2-4C89-9EB2-345658CC3D40}
	EndGlobalSection
EndGlobal
